
Microsoft Visual Studio Solution File, Format Version 12.00
Project("{FAE04EC0-301F-11D3-BF4B-00C04F79EFBC}") = "grpcServer", "grpcServer\grpcServer.csproj", "{9115820B-0570-471A-A97F-629BBCBDBE72}"
EndProject
Project("{FAE04EC0-301F-11D3-BF4B-00C04F79EFBC}") = "Client", "Client\Client.csproj", "{5586EF25-EA1F-4967-AFB7-499239ADB688}"
EndProject
Global
	GlobalSection(SolutionConfigurationPlatforms) = preSolution
		Debug|Any CPU = Debug|Any CPU
		Release|Any CPU = Release|Any CPU
	EndGlobalSection
	GlobalSection(ProjectConfigurationPlatforms) = postSolution
		{9115820B-0570-471A-A97F-629BBCBDBE72}.Debug|Any CPU.ActiveCfg = Debug|Any CPU
		{9115820B-0570-471A-A97F-629BBCBDBE72}.Debug|Any CPU.Build.0 = Debug|Any CPU
		{9115820B-0570-471A-A97F-629BBCBDBE72}.Release|Any CPU.ActiveCfg = Release|Any CPU
		{9115820B-0570-471A-A97F-629BBCBDBE72}.Release|Any CPU.Build.0 = Release|Any CPU
		{5586EF25-EA1F-4967-AFB7-499239ADB688}.Debug|Any CPU.ActiveCfg = Debug|Any CPU
		{5586EF25-EA1F-4967-AFB7-499239ADB688}.Debug|Any CPU.Build.0 = Debug|Any CPU
		{5586EF25-EA1F-4967-AFB7-499239ADB688}.Release|Any CPU.ActiveCfg = Release|Any CPU
		{5586EF25-EA1F-4967-AFB7-499239ADB688}.Release|Any CPU.Build.0 = Release|Any CPU
	EndGlobalSection
EndGlobal
